
Microsoft Visual Studio Solution File, Format Version 12.00
# Visual Studio Version 16
VisualStudioVersion = 16.0.30309.148
MinimumVisualStudioVersion = 10.0.40219.1
Project("{FAE04EC0-301F-11D3-BF4B-00C04F79EFBC}") = "DZ K2 Fine", "DZ K2 Fine\DZ K2 Fine.csproj", "{50AACB36-AFAA-4073-ADC5-D3B2D3945FCA}"
EndProject
Global
	GlobalSection(SolutionConfigurationPlatforms) = preSolution
		Debug|Any CPU = Debug|Any CPU
		Release|Any CPU = Release|Any CPU
	EndGlobalSection
	GlobalSection(ProjectConfigurationPlatforms) = postSolution
		{50AACB36-AFAA-4073-ADC5-D3B2D3945FCA}.Debug|Any CPU.ActiveCfg = Debug|Any CPU
		{50AACB36-AFAA-4073-ADC5-D3B2D3945FCA}.Debug|Any CPU.Build.0 = Debug|Any CPU
		{50AACB36-AFAA-4073-ADC5-D3B2D3945FCA}.Release|Any CPU.ActiveCfg = Release|Any CPU
		{50AACB36-AFAA-4073-ADC5-D3B2D3945FCA}.Release|Any CPU.Build.0 = Release|Any CPU
	EndGlobalSection
	GlobalSection(SolutionProperties) = preSolution
		HideSolutionNode = FALSE
	EndGlobalSection
	GlobalSection(ExtensibilityGlobals) = postSolution
		SolutionGuid = {6A4DFD5C-1979-459A-B3EA-D3704191D4A9}
	EndGlobalSection
EndGlobal
